
Microsoft Visual Studio Solution File, Format Version 12.00
# Visual Studio 15
VisualStudioVersion = 15.0.28307.1231
MinimumVisualStudioVersion = 10.0.40219.1
Project("{FAE04EC0-301F-11D3-BF4B-00C04F79EFBC}") = "XOApp", "XOApp.csproj", "{73C6F000-5495-4FE2-A45A-CE1112E4BD73}"
EndProject
Global
	GlobalSection(SolutionConfigurationPlatforms) = preSolution
		Debug|Any CPU = Debug|Any CPU
		Release|Any CPU = Release|Any CPU
	EndGlobalSection
	GlobalSection(ProjectConfigurationPlatforms) = postSolution
		{73C6F000-5495-4FE2-A45A-CE1112E4BD73}.Debug|Any CPU.ActiveCfg = Debug|Any CPU
		{73C6F000-5495-4FE2-A45A-CE1112E4BD73}.Debug|Any CPU.Build.0 = Debug|Any CPU
		{73C6F000-5495-4FE2-A45A-CE1112E4BD73}.Release|Any CPU.ActiveCfg = Release|Any CPU
		{73C6F000-5495-4FE2-A45A-CE1112E4BD73}.Release|Any CPU.Build.0 = Release|Any CPU
	EndGlobalSection
	GlobalSection(SolutionProperties) = preSolution
		HideSolutionNode = FALSE
	EndGlobalSection
	GlobalSection(ExtensibilityGlobals) = postSolution
		SolutionGuid = {ECEEF81D-84DA-4513-BA84-05AEFAEAE372}
	EndGlobalSection
EndGlobal
